
Microsoft Visual Studio Solution File, Format Version 12.00
# Visual Studio Version 17
VisualStudioVersion = 17.0.31410.414
MinimumVisualStudioVersion = 10.0.40219.1
Project("{8BC9CEB8-8B4A-11D0-8D11-00A0C91BC942}") = "UnitTest", "src\UnitTest\UnitTest.vcxproj", "{ACFF3502-B999-4380-988D-94DF9020AE6C}"
EndProject
Project("{8BC9CEB8-8B4A-11D0-8D11-00A0C91BC942}") = "test", "src\test\test.vcxproj", "{14CA3D40-1D88-4BF7-A9E0-505198D5B747}"
EndProject
Project("{8BC9CEB8-8B4A-11D0-8D11-00A0C91BC942}") = "bench", "src\bench\bench.vcxproj", "{446FCEAB-4FBE-4BE2-9B32-84B7B99F61FE}"
EndProject
Project("{8BC9CEB8-8B4A-11D0-8D11-00A0C91BC942}") = "shape", "src\shape\shape.vcxproj", "{3EDCB95C-3BA2-4BAB-9EE5-53EFD290C4D9}"
EndProject
Project("{8BC9CEB8-8B4A-11D0-8D11-00A0C91BC942}") = "gtl", "src\gtl\gtl.vcxproj", "{5B9DCFA4-22DB-4FC5-B559-0BACBF04FBE7}"
EndProject
Project("{8BC9CEB8-8B4A-11D0-8D11-00A0C91BC942}") = "win_util", "src\win_util\win_util.vcxproj", "{172293DB-BAC4-4626-BE02-063DF3DDAA39}"
EndProject
Global
	GlobalSection(SolutionConfigurationPlatforms) = preSolution
		Debug|x64 = Debug|x64
		Debug|x86 = Debug|x86
		Release|x64 = Release|x64
		Release|x86 = Release|x86
	EndGlobalSection
	GlobalSection(ProjectConfigurationPlatforms) = postSolution
		{ACFF3502-B999-4380-988D-94DF9020AE6C}.Debug|x64.ActiveCfg = Debug|x64
		{ACFF3502-B999-4380-988D-94DF9020AE6C}.Debug|x64.Build.0 = Debug|x64
		{ACFF3502-B999-4380-988D-94DF9020AE6C}.Debug|x86.ActiveCfg = Debug|Win32
		{ACFF3502-B999-4380-988D-94DF9020AE6C}.Release|x64.ActiveCfg = Release|x64
		{ACFF3502-B999-4380-988D-94DF9020AE6C}.Release|x86.ActiveCfg = Release|Win32
		{14CA3D40-1D88-4BF7-A9E0-505198D5B747}.Debug|x64.ActiveCfg = Debug|x64
		{14CA3D40-1D88-4BF7-A9E0-505198D5B747}.Debug|x64.Build.0 = Debug|x64
		{14CA3D40-1D88-4BF7-A9E0-505198D5B747}.Debug|x86.ActiveCfg = Debug|Win32
		{14CA3D40-1D88-4BF7-A9E0-505198D5B747}.Debug|x86.Build.0 = Debug|Win32
		{14CA3D40-1D88-4BF7-A9E0-505198D5B747}.Release|x64.ActiveCfg = Release|x64
		{14CA3D40-1D88-4BF7-A9E0-505198D5B747}.Release|x64.Build.0 = Release|x64
		{14CA3D40-1D88-4BF7-A9E0-505198D5B747}.Release|x86.ActiveCfg = Release|Win32
		{14CA3D40-1D88-4BF7-A9E0-505198D5B747}.Release|x86.Build.0 = Release|Win32
		{446FCEAB-4FBE-4BE2-9B32-84B7B99F61FE}.Debug|x64.ActiveCfg = Debug|x64
		{446FCEAB-4FBE-4BE2-9B32-84B7B99F61FE}.Debug|x64.Build.0 = Debug|x64
		{446FCEAB-4FBE-4BE2-9B32-84B7B99F61FE}.Debug|x86.ActiveCfg = Debug|Win32
		{446FCEAB-4FBE-4BE2-9B32-84B7B99F61FE}.Debug|x86.Build.0 = Debug|Win32
		{446FCEAB-4FBE-4BE2-9B32-84B7B99F61FE}.Release|x64.ActiveCfg = Release|x64
		{446FCEAB-4FBE-4BE2-9B32-84B7B99F61FE}.Release|x64.Build.0 = Release|x64
		{446FCEAB-4FBE-4BE2-9B32-84B7B99F61FE}.Release|x86.ActiveCfg = Release|Win32
		{446FCEAB-4FBE-4BE2-9B32-84B7B99F61FE}.Release|x86.Build.0 = Release|Win32
		{3EDCB95C-3BA2-4BAB-9EE5-53EFD290C4D9}.Debug|x64.ActiveCfg = Debug|x64
		{3EDCB95C-3BA2-4BAB-9EE5-53EFD290C4D9}.Debug|x64.Build.0 = Debug|x64
		{3EDCB95C-3BA2-4BAB-9EE5-53EFD290C4D9}.Debug|x86.ActiveCfg = Debug|Win32
		{3EDCB95C-3BA2-4BAB-9EE5-53EFD290C4D9}.Debug|x86.Build.0 = Debug|Win32
		{3EDCB95C-3BA2-4BAB-9EE5-53EFD290C4D9}.Release|x64.ActiveCfg = Release|x64
		{3EDCB95C-3BA2-4BAB-9EE5-53EFD290C4D9}.Release|x64.Build.0 = Release|x64
		{3EDCB95C-3BA2-4BAB-9EE5-53EFD290C4D9}.Release|x86.ActiveCfg = Release|Win32
		{3EDCB95C-3BA2-4BAB-9EE5-53EFD290C4D9}.Release|x86.Build.0 = Release|Win32
		{5B9DCFA4-22DB-4FC5-B559-0BACBF04FBE7}.Debug|x64.ActiveCfg = Debug|x64
		{5B9DCFA4-22DB-4FC5-B559-0BACBF04FBE7}.Debug|x64.Build.0 = Debug|x64
		{5B9DCFA4-22DB-4FC5-B559-0BACBF04FBE7}.Debug|x86.ActiveCfg = Debug|Win32
		{5B9DCFA4-22DB-4FC5-B559-0BACBF04FBE7}.Debug|x86.Build.0 = Debug|Win32
		{5B9DCFA4-22DB-4FC5-B559-0BACBF04FBE7}.Release|x64.ActiveCfg = Release|x64
		{5B9DCFA4-22DB-4FC5-B559-0BACBF04FBE7}.Release|x64.Build.0 = Release|x64
		{5B9DCFA4-22DB-4FC5-B559-0BACBF04FBE7}.Release|x86.ActiveCfg = Release|Win32
		{5B9DCFA4-22DB-4FC5-B559-0BACBF04FBE7}.Release|x86.Build.0 = Release|Win32
		{172293DB-BAC4-4626-BE02-063DF3DDAA39}.Debug|x64.ActiveCfg = Debug|x64
		{172293DB-BAC4-4626-BE02-063DF3DDAA39}.Debug|x64.Build.0 = Debug|x64
		{172293DB-BAC4-4626-BE02-063DF3DDAA39}.Debug|x86.ActiveCfg = Debug|Win32
		{172293DB-BAC4-4626-BE02-063DF3DDAA39}.Debug|x86.Build.0 = Debug|Win32
		{172293DB-BAC4-4626-BE02-063DF3DDAA39}.Release|x64.ActiveCfg = Release|x64
		{172293DB-BAC4-4626-BE02-063DF3DDAA39}.Release|x64.Build.0 = Release|x64
		{172293DB-BAC4-4626-BE02-063DF3DDAA39}.Release|x86.ActiveCfg = Release|Win32
		{172293DB-BAC4-4626-BE02-063DF3DDAA39}.Release|x86.Build.0 = Release|Win32
	EndGlobalSection
	GlobalSection(SolutionProperties) = preSolution
		HideSolutionNode = FALSE
	EndGlobalSection
	GlobalSection(ExtensibilityGlobals) = postSolution
		SolutionGuid = {7E7CA12F-04CC-430D-95C2-232C1D5F8C57}
	EndGlobalSection
EndGlobal
