
Microsoft Visual Studio Solution File, Format Version 12.00
# Visual Studio Version 17
VisualStudioVersion = 17.0.31423.177
MinimumVisualStudioVersion = 10.0.40219.1
Project("{8BC9CEB8-8B4A-11D0-8D11-00A0C91BC942}") = "UnitTest", "src\UnitTest\UnitTest.vcxproj", "{ACFF3502-B999-4380-988D-94DF9020AE6C}"
	ProjectSection(ProjectDependencies) = postProject
		{0B710E2D-2BBC-4D9C-BF95-7CD33604A1D0} = {0B710E2D-2BBC-4D9C-BF95-7CD33604A1D0}
	EndProjectSection
EndProject
Project("{8BC9CEB8-8B4A-11D0-8D11-00A0C91BC942}") = "gtl", "src\gtl\gtl.vcxproj", "{0B710E2D-2BBC-4D9C-BF95-7CD33604A1D0}"
EndProject
Project("{8BC9CEB8-8B4A-11D0-8D11-00A0C91BC942}") = "test", "src\test\test.vcxproj", "{14CA3D40-1D88-4BF7-A9E0-505198D5B747}"
EndProject
Project("{8BC9CEB8-8B4A-11D0-8D11-00A0C91BC942}") = "bench", "src\bench\bench.vcxproj", "{446FCEAB-4FBE-4BE2-9B32-84B7B99F61FE}"
EndProject
Project("{8BC9CEB8-8B4A-11D0-8D11-00A0C91BC942}") = "shape", "src\shape\shape.vcxproj", "{FBA95ADB-13A2-4139-BA8E-789BFE9AA1AE}"
EndProject
Project("{8BC9CEB8-8B4A-11D0-8D11-00A0C91BC942}") = "win_util", "src\win_util\win_util.vcxproj", "{5F0D7BD9-E1EC-45D1-96B9-2EA611944D5E}"
EndProject
Project("{8BC9CEB8-8B4A-11D0-8D11-00A0C91BC942}") = "test_win", "src\test_win\test_win.vcxproj", "{0F115BD6-A104-41EB-8F5D-194C4E66DD0C}"
EndProject
Project("{2150E333-8FDC-42A3-9474-1A3956D46DE8}") = "TEST and BENCH", "TEST and BENCH", "{5157E3DA-9437-4F16-955C-AB6DAE28555C}"
EndProject
Project("{8BC9CEB8-8B4A-11D0-8D11-00A0C91BC942}") = "test_ui_webview2", "src\test_ui_webview2\test_ui_webview2.vcxproj", "{0C8371F4-EB08-420B-A0CC-3C377B8969B3}"
EndProject
Project("{8BC9CEB8-8B4A-11D0-8D11-00A0C91BC942}") = "wx", "src\wx\wx.vcxproj", "{75A8F096-3AF5-4368-A4B3-7C7CC0EB7F44}"
	ProjectSection(ProjectDependencies) = postProject
		{0B710E2D-2BBC-4D9C-BF95-7CD33604A1D0} = {0B710E2D-2BBC-4D9C-BF95-7CD33604A1D0}
	EndProjectSection
EndProject
Global
	GlobalSection(SolutionConfigurationPlatforms) = preSolution
		Debug.v142|x64 = Debug.v142|x64
		Debug.v142|x86 = Debug.v142|x86
		Debug|x64 = Debug|x64
		Debug|x86 = Debug|x86
		Release.v142|x64 = Release.v142|x64
		Release.v142|x86 = Release.v142|x86
		Release|x64 = Release|x64
		Release|x86 = Release|x86
	EndGlobalSection
	GlobalSection(ProjectConfigurationPlatforms) = postSolution
		{ACFF3502-B999-4380-988D-94DF9020AE6C}.Debug.v142|x64.ActiveCfg = Debug.v142|x64
		{ACFF3502-B999-4380-988D-94DF9020AE6C}.Debug.v142|x86.ActiveCfg = Debug.v142|Win32
		{ACFF3502-B999-4380-988D-94DF9020AE6C}.Debug|x64.ActiveCfg = Debug|x64
		{ACFF3502-B999-4380-988D-94DF9020AE6C}.Debug|x86.ActiveCfg = Debug|Win32
		{ACFF3502-B999-4380-988D-94DF9020AE6C}.Release.v142|x64.ActiveCfg = Release.v142|x64
		{ACFF3502-B999-4380-988D-94DF9020AE6C}.Release.v142|x86.ActiveCfg = Release.v142|Win32
		{ACFF3502-B999-4380-988D-94DF9020AE6C}.Release|x64.ActiveCfg = Release|x64
		{ACFF3502-B999-4380-988D-94DF9020AE6C}.Release|x86.ActiveCfg = Release|Win32
		{0B710E2D-2BBC-4D9C-BF95-7CD33604A1D0}.Debug.v142|x64.ActiveCfg = Debug.v142|x64
		{0B710E2D-2BBC-4D9C-BF95-7CD33604A1D0}.Debug.v142|x64.Build.0 = Debug.v142|x64
		{0B710E2D-2BBC-4D9C-BF95-7CD33604A1D0}.Debug.v142|x86.ActiveCfg = Debug.v142|Win32
		{0B710E2D-2BBC-4D9C-BF95-7CD33604A1D0}.Debug.v142|x86.Build.0 = Debug.v142|Win32
		{0B710E2D-2BBC-4D9C-BF95-7CD33604A1D0}.Debug|x64.ActiveCfg = Debug|x64
		{0B710E2D-2BBC-4D9C-BF95-7CD33604A1D0}.Debug|x64.Build.0 = Debug|x64
		{0B710E2D-2BBC-4D9C-BF95-7CD33604A1D0}.Debug|x86.ActiveCfg = Debug|Win32
		{0B710E2D-2BBC-4D9C-BF95-7CD33604A1D0}.Debug|x86.Build.0 = Debug|Win32
		{0B710E2D-2BBC-4D9C-BF95-7CD33604A1D0}.Release.v142|x64.ActiveCfg = Release.v142|x64
		{0B710E2D-2BBC-4D9C-BF95-7CD33604A1D0}.Release.v142|x64.Build.0 = Release.v142|x64
		{0B710E2D-2BBC-4D9C-BF95-7CD33604A1D0}.Release.v142|x86.ActiveCfg = Release.v142|Win32
		{0B710E2D-2BBC-4D9C-BF95-7CD33604A1D0}.Release.v142|x86.Build.0 = Release.v142|Win32
		{0B710E2D-2BBC-4D9C-BF95-7CD33604A1D0}.Release|x64.ActiveCfg = Release|x64
		{0B710E2D-2BBC-4D9C-BF95-7CD33604A1D0}.Release|x64.Build.0 = Release|x64
		{0B710E2D-2BBC-4D9C-BF95-7CD33604A1D0}.Release|x86.ActiveCfg = Release|Win32
		{0B710E2D-2BBC-4D9C-BF95-7CD33604A1D0}.Release|x86.Build.0 = Release|Win32
		{14CA3D40-1D88-4BF7-A9E0-505198D5B747}.Debug.v142|x64.ActiveCfg = Debug.v142|x64
		{14CA3D40-1D88-4BF7-A9E0-505198D5B747}.Debug.v142|x64.Build.0 = Debug.v142|x64
		{14CA3D40-1D88-4BF7-A9E0-505198D5B747}.Debug.v142|x86.ActiveCfg = Debug.v142|Win32
		{14CA3D40-1D88-4BF7-A9E0-505198D5B747}.Debug.v142|x86.Build.0 = Debug.v142|Win32
		{14CA3D40-1D88-4BF7-A9E0-505198D5B747}.Debug|x64.ActiveCfg = Debug|x64
		{14CA3D40-1D88-4BF7-A9E0-505198D5B747}.Debug|x64.Build.0 = Debug|x64
		{14CA3D40-1D88-4BF7-A9E0-505198D5B747}.Debug|x86.ActiveCfg = Debug|Win32
		{14CA3D40-1D88-4BF7-A9E0-505198D5B747}.Debug|x86.Build.0 = Debug|Win32
		{14CA3D40-1D88-4BF7-A9E0-505198D5B747}.Release.v142|x64.ActiveCfg = Release.v142|x64
		{14CA3D40-1D88-4BF7-A9E0-505198D5B747}.Release.v142|x64.Build.0 = Release.v142|x64
		{14CA3D40-1D88-4BF7-A9E0-505198D5B747}.Release.v142|x86.ActiveCfg = Release.v142|Win32
		{14CA3D40-1D88-4BF7-A9E0-505198D5B747}.Release.v142|x86.Build.0 = Release.v142|Win32
		{14CA3D40-1D88-4BF7-A9E0-505198D5B747}.Release|x64.ActiveCfg = Release|x64
		{14CA3D40-1D88-4BF7-A9E0-505198D5B747}.Release|x64.Build.0 = Release|x64
		{14CA3D40-1D88-4BF7-A9E0-505198D5B747}.Release|x86.ActiveCfg = Release|Win32
		{14CA3D40-1D88-4BF7-A9E0-505198D5B747}.Release|x86.Build.0 = Release|Win32
		{446FCEAB-4FBE-4BE2-9B32-84B7B99F61FE}.Debug.v142|x64.ActiveCfg = Debug.v142|x64
		{446FCEAB-4FBE-4BE2-9B32-84B7B99F61FE}.Debug.v142|x64.Build.0 = Debug.v142|x64
		{446FCEAB-4FBE-4BE2-9B32-84B7B99F61FE}.Debug.v142|x86.ActiveCfg = Debug.v142|Win32
		{446FCEAB-4FBE-4BE2-9B32-84B7B99F61FE}.Debug.v142|x86.Build.0 = Debug.v142|Win32
		{446FCEAB-4FBE-4BE2-9B32-84B7B99F61FE}.Debug|x64.ActiveCfg = Debug|x64
		{446FCEAB-4FBE-4BE2-9B32-84B7B99F61FE}.Debug|x64.Build.0 = Debug|x64
		{446FCEAB-4FBE-4BE2-9B32-84B7B99F61FE}.Debug|x86.ActiveCfg = Debug|Win32
		{446FCEAB-4FBE-4BE2-9B32-84B7B99F61FE}.Debug|x86.Build.0 = Debug|Win32
		{446FCEAB-4FBE-4BE2-9B32-84B7B99F61FE}.Release.v142|x64.ActiveCfg = Release.v142|x64
		{446FCEAB-4FBE-4BE2-9B32-84B7B99F61FE}.Release.v142|x64.Build.0 = Release.v142|x64
		{446FCEAB-4FBE-4BE2-9B32-84B7B99F61FE}.Release.v142|x86.ActiveCfg = Release.v142|Win32
		{446FCEAB-4FBE-4BE2-9B32-84B7B99F61FE}.Release.v142|x86.Build.0 = Release.v142|Win32
		{446FCEAB-4FBE-4BE2-9B32-84B7B99F61FE}.Release|x64.ActiveCfg = Release|x64
		{446FCEAB-4FBE-4BE2-9B32-84B7B99F61FE}.Release|x64.Build.0 = Release|x64
		{446FCEAB-4FBE-4BE2-9B32-84B7B99F61FE}.Release|x86.ActiveCfg = Release|Win32
		{446FCEAB-4FBE-4BE2-9B32-84B7B99F61FE}.Release|x86.Build.0 = Release|Win32
		{FBA95ADB-13A2-4139-BA8E-789BFE9AA1AE}.Debug.v142|x64.ActiveCfg = Debug.v142|x64
		{FBA95ADB-13A2-4139-BA8E-789BFE9AA1AE}.Debug.v142|x64.Build.0 = Debug.v142|x64
		{FBA95ADB-13A2-4139-BA8E-789BFE9AA1AE}.Debug.v142|x86.ActiveCfg = Debug.v142|Win32
		{FBA95ADB-13A2-4139-BA8E-789BFE9AA1AE}.Debug.v142|x86.Build.0 = Debug.v142|Win32
		{FBA95ADB-13A2-4139-BA8E-789BFE9AA1AE}.Debug|x64.ActiveCfg = Debug|x64
		{FBA95ADB-13A2-4139-BA8E-789BFE9AA1AE}.Debug|x64.Build.0 = Debug|x64
		{FBA95ADB-13A2-4139-BA8E-789BFE9AA1AE}.Debug|x86.ActiveCfg = Debug|Win32
		{FBA95ADB-13A2-4139-BA8E-789BFE9AA1AE}.Debug|x86.Build.0 = Debug|Win32
		{FBA95ADB-13A2-4139-BA8E-789BFE9AA1AE}.Release.v142|x64.ActiveCfg = Release.v142|x64
		{FBA95ADB-13A2-4139-BA8E-789BFE9AA1AE}.Release.v142|x64.Build.0 = Release.v142|x64
		{FBA95ADB-13A2-4139-BA8E-789BFE9AA1AE}.Release.v142|x86.ActiveCfg = Release.v142|Win32
		{FBA95ADB-13A2-4139-BA8E-789BFE9AA1AE}.Release.v142|x86.Build.0 = Release.v142|Win32
		{FBA95ADB-13A2-4139-BA8E-789BFE9AA1AE}.Release|x64.ActiveCfg = Release|x64
		{FBA95ADB-13A2-4139-BA8E-789BFE9AA1AE}.Release|x64.Build.0 = Release|x64
		{FBA95ADB-13A2-4139-BA8E-789BFE9AA1AE}.Release|x86.ActiveCfg = Release|Win32
		{FBA95ADB-13A2-4139-BA8E-789BFE9AA1AE}.Release|x86.Build.0 = Release|Win32
		{5F0D7BD9-E1EC-45D1-96B9-2EA611944D5E}.Debug.v142|x64.ActiveCfg = Debug.v142|x64
		{5F0D7BD9-E1EC-45D1-96B9-2EA611944D5E}.Debug.v142|x64.Build.0 = Debug.v142|x64
		{5F0D7BD9-E1EC-45D1-96B9-2EA611944D5E}.Debug.v142|x86.ActiveCfg = Debug.v142|Win32
		{5F0D7BD9-E1EC-45D1-96B9-2EA611944D5E}.Debug.v142|x86.Build.0 = Debug.v142|Win32
		{5F0D7BD9-E1EC-45D1-96B9-2EA611944D5E}.Debug|x64.ActiveCfg = Debug|x64
		{5F0D7BD9-E1EC-45D1-96B9-2EA611944D5E}.Debug|x64.Build.0 = Debug|x64
		{5F0D7BD9-E1EC-45D1-96B9-2EA611944D5E}.Debug|x86.ActiveCfg = Debug|Win32
		{5F0D7BD9-E1EC-45D1-96B9-2EA611944D5E}.Debug|x86.Build.0 = Debug|Win32
		{5F0D7BD9-E1EC-45D1-96B9-2EA611944D5E}.Release.v142|x64.ActiveCfg = Release.v142|x64
		{5F0D7BD9-E1EC-45D1-96B9-2EA611944D5E}.Release.v142|x64.Build.0 = Release.v142|x64
		{5F0D7BD9-E1EC-45D1-96B9-2EA611944D5E}.Release.v142|x86.ActiveCfg = Release.v142|Win32
		{5F0D7BD9-E1EC-45D1-96B9-2EA611944D5E}.Release.v142|x86.Build.0 = Release.v142|Win32
		{5F0D7BD9-E1EC-45D1-96B9-2EA611944D5E}.Release|x64.ActiveCfg = Release|x64
		{5F0D7BD9-E1EC-45D1-96B9-2EA611944D5E}.Release|x64.Build.0 = Release|x64
		{5F0D7BD9-E1EC-45D1-96B9-2EA611944D5E}.Release|x86.ActiveCfg = Release|Win32
		{5F0D7BD9-E1EC-45D1-96B9-2EA611944D5E}.Release|x86.Build.0 = Release|Win32
		{0F115BD6-A104-41EB-8F5D-194C4E66DD0C}.Debug.v142|x64.ActiveCfg = Debug.v142|x64
		{0F115BD6-A104-41EB-8F5D-194C4E66DD0C}.Debug.v142|x64.Build.0 = Debug.v142|x64
		{0F115BD6-A104-41EB-8F5D-194C4E66DD0C}.Debug.v142|x86.ActiveCfg = Debug.v142|Win32
		{0F115BD6-A104-41EB-8F5D-194C4E66DD0C}.Debug.v142|x86.Build.0 = Debug.v142|Win32
		{0F115BD6-A104-41EB-8F5D-194C4E66DD0C}.Debug|x64.ActiveCfg = Debug|x64
		{0F115BD6-A104-41EB-8F5D-194C4E66DD0C}.Debug|x64.Build.0 = Debug|x64
		{0F115BD6-A104-41EB-8F5D-194C4E66DD0C}.Debug|x86.ActiveCfg = Debug|Win32
		{0F115BD6-A104-41EB-8F5D-194C4E66DD0C}.Debug|x86.Build.0 = Debug|Win32
		{0F115BD6-A104-41EB-8F5D-194C4E66DD0C}.Release.v142|x64.ActiveCfg = Release.v142|x64
		{0F115BD6-A104-41EB-8F5D-194C4E66DD0C}.Release.v142|x64.Build.0 = Release.v142|x64
		{0F115BD6-A104-41EB-8F5D-194C4E66DD0C}.Release.v142|x86.ActiveCfg = Release.v142|Win32
		{0F115BD6-A104-41EB-8F5D-194C4E66DD0C}.Release.v142|x86.Build.0 = Release.v142|Win32
		{0F115BD6-A104-41EB-8F5D-194C4E66DD0C}.Release|x64.ActiveCfg = Release|x64
		{0F115BD6-A104-41EB-8F5D-194C4E66DD0C}.Release|x64.Build.0 = Release|x64
		{0F115BD6-A104-41EB-8F5D-194C4E66DD0C}.Release|x86.ActiveCfg = Release|Win32
		{0F115BD6-A104-41EB-8F5D-194C4E66DD0C}.Release|x86.Build.0 = Release|Win32
		{0C8371F4-EB08-420B-A0CC-3C377B8969B3}.Debug.v142|x64.ActiveCfg = Debug.v142|x64
		{0C8371F4-EB08-420B-A0CC-3C377B8969B3}.Debug.v142|x64.Build.0 = Debug.v142|x64
		{0C8371F4-EB08-420B-A0CC-3C377B8969B3}.Debug.v142|x86.ActiveCfg = Debug.v142|Win32
		{0C8371F4-EB08-420B-A0CC-3C377B8969B3}.Debug.v142|x86.Build.0 = Debug.v142|Win32
		{0C8371F4-EB08-420B-A0CC-3C377B8969B3}.Debug|x64.ActiveCfg = Debug|x64
		{0C8371F4-EB08-420B-A0CC-3C377B8969B3}.Debug|x64.Build.0 = Debug|x64
		{0C8371F4-EB08-420B-A0CC-3C377B8969B3}.Debug|x86.ActiveCfg = Debug|Win32
		{0C8371F4-EB08-420B-A0CC-3C377B8969B3}.Debug|x86.Build.0 = Debug|Win32
		{0C8371F4-EB08-420B-A0CC-3C377B8969B3}.Release.v142|x64.ActiveCfg = Release.v142|x64
		{0C8371F4-EB08-420B-A0CC-3C377B8969B3}.Release.v142|x64.Build.0 = Release.v142|x64
		{0C8371F4-EB08-420B-A0CC-3C377B8969B3}.Release.v142|x86.ActiveCfg = Release.v142|Win32
		{0C8371F4-EB08-420B-A0CC-3C377B8969B3}.Release.v142|x86.Build.0 = Release.v142|Win32
		{0C8371F4-EB08-420B-A0CC-3C377B8969B3}.Release|x64.ActiveCfg = Release|x64
		{0C8371F4-EB08-420B-A0CC-3C377B8969B3}.Release|x64.Build.0 = Release|x64
		{0C8371F4-EB08-420B-A0CC-3C377B8969B3}.Release|x86.ActiveCfg = Release|Win32
		{0C8371F4-EB08-420B-A0CC-3C377B8969B3}.Release|x86.Build.0 = Release|Win32
		{75A8F096-3AF5-4368-A4B3-7C7CC0EB7F44}.Debug.v142|x64.ActiveCfg = Debug.v142|x64
		{75A8F096-3AF5-4368-A4B3-7C7CC0EB7F44}.Debug.v142|x64.Build.0 = Debug.v142|x64
		{75A8F096-3AF5-4368-A4B3-7C7CC0EB7F44}.Debug.v142|x86.ActiveCfg = Debug.v142|Win32
		{75A8F096-3AF5-4368-A4B3-7C7CC0EB7F44}.Debug.v142|x86.Build.0 = Debug.v142|Win32
		{75A8F096-3AF5-4368-A4B3-7C7CC0EB7F44}.Debug|x64.ActiveCfg = Debug|x64
		{75A8F096-3AF5-4368-A4B3-7C7CC0EB7F44}.Debug|x64.Build.0 = Debug|x64
		{75A8F096-3AF5-4368-A4B3-7C7CC0EB7F44}.Debug|x86.ActiveCfg = Debug|Win32
		{75A8F096-3AF5-4368-A4B3-7C7CC0EB7F44}.Debug|x86.Build.0 = Debug|Win32
		{75A8F096-3AF5-4368-A4B3-7C7CC0EB7F44}.Release.v142|x64.ActiveCfg = Release.v142|x64
		{75A8F096-3AF5-4368-A4B3-7C7CC0EB7F44}.Release.v142|x64.Build.0 = Release.v142|x64
		{75A8F096-3AF5-4368-A4B3-7C7CC0EB7F44}.Release.v142|x86.ActiveCfg = Release.v142|Win32
		{75A8F096-3AF5-4368-A4B3-7C7CC0EB7F44}.Release.v142|x86.Build.0 = Release.v142|Win32
		{75A8F096-3AF5-4368-A4B3-7C7CC0EB7F44}.Release|x64.ActiveCfg = Release|x64
		{75A8F096-3AF5-4368-A4B3-7C7CC0EB7F44}.Release|x64.Build.0 = Release|x64
		{75A8F096-3AF5-4368-A4B3-7C7CC0EB7F44}.Release|x86.ActiveCfg = Release|Win32
		{75A8F096-3AF5-4368-A4B3-7C7CC0EB7F44}.Release|x86.Build.0 = Release|Win32
	EndGlobalSection
	GlobalSection(SolutionProperties) = preSolution
		HideSolutionNode = FALSE
	EndGlobalSection
	GlobalSection(NestedProjects) = preSolution
		{ACFF3502-B999-4380-988D-94DF9020AE6C} = {5157E3DA-9437-4F16-955C-AB6DAE28555C}
		{14CA3D40-1D88-4BF7-A9E0-505198D5B747} = {5157E3DA-9437-4F16-955C-AB6DAE28555C}
		{446FCEAB-4FBE-4BE2-9B32-84B7B99F61FE} = {5157E3DA-9437-4F16-955C-AB6DAE28555C}
		{0F115BD6-A104-41EB-8F5D-194C4E66DD0C} = {5157E3DA-9437-4F16-955C-AB6DAE28555C}
		{0C8371F4-EB08-420B-A0CC-3C377B8969B3} = {5157E3DA-9437-4F16-955C-AB6DAE28555C}
	EndGlobalSection
	GlobalSection(ExtensibilityGlobals) = postSolution
		SolutionGuid = {7E7CA12F-04CC-430D-95C2-232C1D5F8C57}
	EndGlobalSection
EndGlobal
