<?xml version="1.0" encoding="utf-8"?>
<Project ToolsVersion="4.0" xmlns="http://schemas.microsoft.com/developer/msbuild/2003">
  <ItemGroup>
    <ClInclude Include="..\..\include\gtl\dwg\_lib_gtl_dwg.h" />
    <ClInclude Include="..\..\include\gtl\dwg\dwg.h" />
    <ClInclude Include="..\..\include\gtl\dwg\aliases.h" />
    <ClInclude Include="..\..\include\gtl\dwg\entities.h" />
    <ClInclude Include="..\..\include\gtl\dwg\sections.h" />
    <ClInclude Include="..\..\include\gtl\dwg\shape.h" />
    <ClInclude Include="detail\bit_stream.h" />
    <ClInclude Include="detail\reader.h" />
    <ClInclude Include="detail\transform.h" />
	<ClInclude Include="detail\curves.h" />
	<ClInclude Include="detail\hatch.h" />
	<ClInclude Include="detail\header_fields.inc" />
    <ClInclude Include="detail\container.h" />
    <ClInclude Include="..\..\include\gtl\dwg\container.h" />
    <ClInclude Include="pch.h" />
    <ClCompile Include="detail\reader.cpp" />
    <ClCompile Include="detail\container.cpp" />
    <ClCompile Include="dwg.cpp" />
    <ClCompile Include="pch.cpp" />
    <Text Include="CMakeLists.txt" />
  </ItemGroup>
</Project>
