
Microsoft Visual Studio Solution File, Format Version 12.00
# Visual Studio Version 16
VisualStudioVersion = 16.0.30803.129
MinimumVisualStudioVersion = 10.0.40219.1
Project("{888888A0-9F3D-457C-B088-3A5042F75D52}") = "latin_charset", "latin_charset.pyproj", "{E6EC7236-0E05-446B-BF09-FA14EE16A616}"
EndProject
Global
	GlobalSection(SolutionConfigurationPlatforms) = preSolution
		Debug|Any CPU = Debug|Any CPU
		Release|Any CPU = Release|Any CPU
	EndGlobalSection
	GlobalSection(ProjectConfigurationPlatforms) = postSolution
		{E6EC7236-0E05-446B-BF09-FA14EE16A616}.Debug|Any CPU.ActiveCfg = Debug|Any CPU
		{E6EC7236-0E05-446B-BF09-FA14EE16A616}.Release|Any CPU.ActiveCfg = Release|Any CPU
	EndGlobalSection
	GlobalSection(SolutionProperties) = preSolution
		HideSolutionNode = FALSE
	EndGlobalSection
	GlobalSection(ExtensibilityGlobals) = postSolution
		SolutionGuid = {FB5A20A3-B84F-4809-96E3-63F3F440B70C}
	EndGlobalSection
EndGlobal
