<?xml version="1.0" encoding="utf-8"?>
<Project ToolsVersion="4.0" xmlns="http://schemas.microsoft.com/developer/msbuild/2003">
  <ItemGroup>
    <Filter Include="Resource Files">
      <UniqueIdentifier>{67DA6AB6-F800-4c08-8B7A-83BB121AAD01}</UniqueIdentifier>
      <Extensions>qrc;rc;ico;cur;bmp;dlg;rc2;rct;bin;rgs;gif;jpg;jpeg;jpe;resx;tiff;tif;png;wav;mfcribbon-ms</Extensions>
    </Filter>
    <Filter Include="Form Files">
      <UniqueIdentifier>{99349809-55BA-4b9d-BF79-8FDBB0286EB3}</UniqueIdentifier>
      <Extensions>ui;qml;</Extensions>
    </Filter>
    <Filter Include="Translation Files">
      <UniqueIdentifier>{639EADAA-A684-42e4-A9AD-28FC9BCB8F7C}</UniqueIdentifier>
      <Extensions>ts</Extensions>
    </Filter>
    <Filter Include="[ framework ]">
      <UniqueIdentifier>{93995380-89BD-4b04-88EB-625FBE52EBFB}</UniqueIdentifier>
      <Extensions>
      </Extensions>
    </Filter>
    <Filter Include="code">
      <UniqueIdentifier>{4FC737F1-C7A5-4376-A066-2A32D752A2FF}</UniqueIdentifier>
      <Extensions>h;hh;hpp;hxx;hm;inl;inc;xsd;cpp;c;cc;cxx;def;odl;idl;hpj;bat;asm;asmx</Extensions>
    </Filter>
    <Filter Include="MatViewGV">
      <UniqueIdentifier>{5d1fc05c-2fe6-42a8-a041-c1d50a9830fe}</UniqueIdentifier>
    </Filter>
    <Filter Include="MatView">
      <UniqueIdentifier>{65e7502c-3bee-4f21-a3eb-a1cd08133b5f}</UniqueIdentifier>
    </Filter>
  </ItemGroup>
  <ItemGroup>
    <ClCompile Include="qt.cpp">
      <Filter>code</Filter>
    </ClCompile>
    <ClCompile Include="MatView\MatViewGV.cpp">
      <Filter>MatViewGV</Filter>
    </ClCompile>
    <ClCompile Include="MatView\MatViewGVCanvas.cpp">
      <Filter>MatViewGV</Filter>
    </ClCompile>
    <ClCompile Include="MatView\MatViewGVDlg.cpp">
      <Filter>MatViewGV</Filter>
    </ClCompile>
    <ClCompile Include="MatView\MatViewGVSettingsDlg.cpp">
      <Filter>MatViewGV</Filter>
    </ClCompile>
    <ClCompile Include="MatView\MatViewGVToolbar.cpp">
      <Filter>MatViewGV</Filter>
    </ClCompile>
    <ClCompile Include="MatView\MatView.cpp">
      <Filter>MatView</Filter>
    </ClCompile>
    <ClCompile Include="MatView\MatViewDlg.cpp">
      <Filter>MatView</Filter>
    </ClCompile>
    <ClCompile Include="MatView\MatViewSettingsDlg.cpp">
      <Filter>MatView</Filter>
    </ClCompile>
    <ClCompile Include="QRoundButton.cpp">
      <Filter>code</Filter>
    </ClCompile>
    <ClCompile Include="QColorButton.cpp">
      <Filter>code</Filter>
    </ClCompile>
    <ClCompile Include="util.cpp">
      <Filter>code</Filter>
    </ClCompile>
  </ItemGroup>
  <ItemGroup>
    <ClInclude Include="qt_global.h">
      <Filter>[ framework ]</Filter>
    </ClInclude>
    <ClInclude Include="pch.h">
      <Filter>[ framework ]</Filter>
    </ClInclude>
    <ClInclude Include="..\..\include\gtl\qt\_lib_gtl_qt.h">
      <Filter>[ framework ]</Filter>
    </ClInclude>
    <ClInclude Include="..\..\include\gtl\qt\qt.h">
      <Filter>code</Filter>
    </ClInclude>
    <ClInclude Include="framework.h">
      <Filter>[ framework ]</Filter>
    </ClInclude>
    <ClInclude Include="..\..\include\gtl\qt\util.h">
      <Filter>code</Filter>
    </ClInclude>
  </ItemGroup>
  <ItemGroup>
    <ClCompile Include="pch.cpp">
      <Filter>[ framework ]</Filter>
    </ClCompile>
  </ItemGroup>
  <ItemGroup>
    <QtMoc Include="MatView\MatViewGVSettingsDlg.h">
      <Filter>MatViewGV</Filter>
    </QtMoc>
    <QtMoc Include="MatView\MatViewGVToolbar.h">
      <Filter>MatViewGV</Filter>
    </QtMoc>
    <QtMoc Include="..\..\include\gtl\qt\MatView\MatViewGVCanvas.h">
      <Filter>MatViewGV</Filter>
    </QtMoc>
    <QtMoc Include="..\..\include\gtl\qt\MatView\MatViewGVDlg.h">
      <Filter>MatViewGV</Filter>
    </QtMoc>
    <QtMoc Include="..\..\include\gtl\qt\MatView\MatViewGV.h">
      <Filter>MatViewGV</Filter>
    </QtMoc>
    <QtMoc Include="..\..\include\gtl\qt\MatView\MatView.h">
      <Filter>MatView</Filter>
    </QtMoc>
    <QtMoc Include="..\..\include\gtl\qt\MatView\MatViewDlg.h">
      <Filter>MatView</Filter>
    </QtMoc>
    <QtMoc Include="MatView\MatViewSettingsDlg.h">
      <Filter>MatView</Filter>
    </QtMoc>
    <QtMoc Include="..\..\include\gtl\qt\MatView\MatViewCanvas.h">
      <Filter>MatView</Filter>
    </QtMoc>
    <QtMoc Include="..\..\include\gtl\qt\QColorButton.h">
      <Filter>code</Filter>
    </QtMoc>
    <QtMoc Include="..\..\include\gtl\qt\QRoundButton.h">
      <Filter>code</Filter>
    </QtMoc>
  </ItemGroup>
  <ItemGroup>
    <QtUic Include="MatView\MatViewGV.ui">
      <Filter>MatViewGV</Filter>
    </QtUic>
    <QtUic Include="MatView\MatViewGVDlg.ui">
      <Filter>MatViewGV</Filter>
    </QtUic>
    <QtUic Include="MatView\MatViewGVSettingsDlg.ui">
      <Filter>MatViewGV</Filter>
    </QtUic>
    <QtUic Include="MatView\MatViewGVToolbar.ui">
      <Filter>MatViewGV</Filter>
    </QtUic>
    <QtUic Include="MatView\MatView.ui">
      <Filter>MatView</Filter>
    </QtUic>
    <QtUic Include="MatView\MatViewDlg.ui">
      <Filter>MatView</Filter>
    </QtUic>
    <QtUic Include="MatView\MatViewSettingsDlg.ui">
      <Filter>MatView</Filter>
    </QtUic>
  </ItemGroup>
</Project>