<?xml version="1.0" encoding="utf-8"?>
<Project ToolsVersion="4.0" xmlns="http://schemas.microsoft.com/developer/msbuild/2003">
  <ItemGroup>
    <Filter Include="Source Files">
      <UniqueIdentifier>{4FC737F1-C7A5-4376-A066-2A32D752A2FF}</UniqueIdentifier>
      <Extensions>cpp;c;cc;cxx;c++;cppm;ixx;def;odl;idl;hpj;bat;asm;asmx</Extensions>
    </Filter>
    <Filter Include="Header Files">
      <UniqueIdentifier>{93995380-89BD-4b04-88EB-625FBE52EBFB}</UniqueIdentifier>
      <Extensions>h;hh;hpp;hxx;h++;hm;inl;inc;ipp;xsd</Extensions>
    </Filter>
    <Filter Include="gtl">
      <UniqueIdentifier>{bb137d0e-c84f-4f04-b9ad-704c012b54fa}</UniqueIdentifier>
    </Filter>
    <Filter Include="gtl\string">
      <UniqueIdentifier>{274b09f8-32d2-4d7c-89db-fd8f70a3d21f}</UniqueIdentifier>
    </Filter>
    <Filter Include="gtl\Resource Files">
      <UniqueIdentifier>{67DA6AB6-F800-4c08-8B7A-83BB121AAD01}</UniqueIdentifier>
      <Extensions>rc;ico;cur;bmp;dlg;rc2;rct;bin;rgs;gif;jpg;jpeg;jpe;resx;tiff;tif;png;wav;mfcribbon-ms</Extensions>
    </Filter>
  </ItemGroup>
  <ItemGroup>
    <ClInclude Include="framework.h">
      <Filter>Header Files</Filter>
    </ClInclude>
    <ClInclude Include="pch.h">
      <Filter>Header Files</Filter>
    </ClInclude>
    <ClInclude Include="..\..\include\gtl\string.h">
      <Filter>gtl</Filter>
    </ClInclude>
    <ClInclude Include="..\..\include\gtl\_default.h">
      <Filter>gtl</Filter>
    </ClInclude>
    <ClInclude Include="..\..\include\gtl\_lib_gtl.h">
      <Filter>gtl</Filter>
    </ClInclude>
    <ClInclude Include="..\..\include\gtl\concepts.h">
      <Filter>gtl</Filter>
    </ClInclude>
    <ClInclude Include="..\..\include\gtl\gtl.h">
      <Filter>gtl</Filter>
    </ClInclude>
    <ClInclude Include="..\..\include\gtl\__lib.h">
      <Filter>gtl</Filter>
    </ClInclude>
    <ClInclude Include="..\..\include\gtl\string\convert_codepage.h">
      <Filter>gtl\string</Filter>
    </ClInclude>
    <ClInclude Include="..\..\include\gtl\string\old_format.h">
      <Filter>gtl\string</Filter>
    </ClInclude>
    <ClInclude Include="..\..\include\gtl\string\convert_codepage_kssm.h">
      <Filter>gtl\string</Filter>
    </ClInclude>
    <ClInclude Include="..\..\include\gtl\config_gtl.h">
      <Filter>gtl</Filter>
    </ClInclude>
    <ClInclude Include="..\..\include\gtl\string\string_primitives.h">
      <Filter>gtl\string</Filter>
    </ClInclude>
    <ClInclude Include="..\..\include\gtl\string\string_primitives.hpp">
      <Filter>gtl\string</Filter>
    </ClInclude>
    <ClInclude Include="..\..\include\gtl\string\HangeulCodeMap.h">
      <Filter>gtl\string</Filter>
    </ClInclude>
    <ClInclude Include="..\..\include\gtl\archive.h">
      <Filter>gtl</Filter>
    </ClInclude>
    <ClInclude Include="..\..\include\gtl\string\latin_charset.h">
      <Filter>gtl\string</Filter>
    </ClInclude>
    <ClInclude Include="..\..\include\gtl\string\string_misc.h">
      <Filter>gtl\string</Filter>
    </ClInclude>
    <ClInclude Include="..\..\include\gtl\string\string_misc.hpp">
      <Filter>gtl\string</Filter>
    </ClInclude>
    <ClInclude Include="..\..\include\gtl\string\convert_utf.h">
      <Filter>gtl\string</Filter>
    </ClInclude>
    <ClInclude Include="..\..\include\gtl\string\utf_char_view.h">
      <Filter>gtl\string</Filter>
    </ClInclude>
    <ClInclude Include="..\..\include\gtl\reflection.h">
      <Filter>gtl</Filter>
    </ClInclude>
    <ClInclude Include="..\..\include\gtl\misc.h">
      <Filter>gtl</Filter>
    </ClInclude>
    <ClInclude Include="..\..\include\gtl\dynamic.h">
      <Filter>gtl</Filter>
    </ClInclude>
    <ClInclude Include="..\..\include\gtl\json_proxy.h">
      <Filter>gtl</Filter>
    </ClInclude>
  </ItemGroup>
  <ItemGroup>
    <ClCompile Include="dllmain.cpp">
      <Filter>Source Files</Filter>
    </ClCompile>
    <ClCompile Include="pch.cpp">
      <Filter>Source Files</Filter>
    </ClCompile>
    <ClCompile Include="string.cpp">
      <Filter>gtl</Filter>
    </ClCompile>
    <ClCompile Include="HangeulCodeMapUTF16_KSSM.cpp">
      <Filter>Source Files</Filter>
    </ClCompile>
    <ClCompile Include="HangeulCodeMapKSSM_UTF16.cpp">
      <Filter>Source Files</Filter>
    </ClCompile>
    <ClCompile Include="latin_charset.cpp">
      <Filter>Source Files</Filter>
    </ClCompile>
  </ItemGroup>
</Project>