<?xml version="1.0" encoding="utf-8"?>
<Project ToolsVersion="4.0" xmlns="http://schemas.microsoft.com/developer/msbuild/2003">
  <ItemGroup>
    <Filter Include="gtl">
      <UniqueIdentifier>{bb137d0e-c84f-4f04-b9ad-704c012b54fa}</UniqueIdentifier>
      <Extensions>h;hh;hpp;hxx;h++;hm;inl;inc;ipp;xsd;cpp;c;cc;cxx;c++;cppm;ixx;def;odl;idl;hpj;bat;asm;asmx</Extensions>
    </Filter>
    <Filter Include="gtl\string">
      <UniqueIdentifier>{274b09f8-32d2-4d7c-89db-fd8f70a3d21f}</UniqueIdentifier>
    </Filter>
    <Filter Include="gtl.impl">
      <UniqueIdentifier>{4FC737F1-C7A5-4376-A066-2A32D752A2FF}</UniqueIdentifier>
      <Extensions>cpp;c;cc;cxx;c++;cppm;ixx;def;odl;idl;hpj;bat;asm;asmx</Extensions>
    </Filter>
    <Filter Include="[ framework ]">
      <UniqueIdentifier>{b2fa2a90-3864-4f60-87e9-4ff80fe8347e}</UniqueIdentifier>
    </Filter>
    <Filter Include="gtl\coord">
      <UniqueIdentifier>{26a74bbd-47dc-497c-8c54-3e39e5bd918b}</UniqueIdentifier>
    </Filter>
    <Filter Include="gtl\ui">
      <UniqueIdentifier>{cc155a50-7a80-4047-be94-0b8b3f23f116}</UniqueIdentifier>
    </Filter>
    <Filter Include="etc">
      <UniqueIdentifier>{f8ff9a2e-f4f0-4034-b2f6-e786562051ee}</UniqueIdentifier>
    </Filter>
    <Filter Include="etc\vcpkg">
      <UniqueIdentifier>{55b033db-46f8-4793-935d-ca6a541645ae}</UniqueIdentifier>
    </Filter>
  </ItemGroup>
  <ItemGroup>
    <ClInclude Include="..\..\include\gtl\string.h">
      <Filter>gtl</Filter>
    </ClInclude>
    <ClInclude Include="..\..\include\gtl\_default.h">
      <Filter>gtl</Filter>
    </ClInclude>
    <ClInclude Include="..\..\include\gtl\_lib_gtl.h">
      <Filter>gtl</Filter>
    </ClInclude>
    <ClInclude Include="..\..\include\gtl\concepts.h">
      <Filter>gtl</Filter>
    </ClInclude>
    <ClInclude Include="..\..\include\gtl\gtl.h">
      <Filter>gtl</Filter>
    </ClInclude>
    <ClInclude Include="..\..\include\gtl\__lib.h">
      <Filter>gtl</Filter>
    </ClInclude>
    <ClInclude Include="..\..\include\gtl\string\convert_codepage.h">
      <Filter>gtl\string</Filter>
    </ClInclude>
    <ClInclude Include="..\..\include\gtl\string\old_format.h">
      <Filter>gtl\string</Filter>
    </ClInclude>
    <ClInclude Include="..\..\include\gtl\string\convert_codepage_kssm.h">
      <Filter>gtl\string</Filter>
    </ClInclude>
    <ClInclude Include="..\..\include\gtl\string\string_primitives.h">
      <Filter>gtl\string</Filter>
    </ClInclude>
    <ClInclude Include="..\..\include\gtl\string\string_primitives.hpp">
      <Filter>gtl\string</Filter>
    </ClInclude>
    <ClInclude Include="..\..\include\gtl\string\HangeulCodeMap.h">
      <Filter>gtl\string</Filter>
    </ClInclude>
    <ClInclude Include="..\..\include\gtl\archive.h">
      <Filter>gtl</Filter>
    </ClInclude>
    <ClInclude Include="..\..\include\gtl\string\string_misc.h">
      <Filter>gtl\string</Filter>
    </ClInclude>
    <ClInclude Include="..\..\include\gtl\string\string_misc.hpp">
      <Filter>gtl\string</Filter>
    </ClInclude>
    <ClInclude Include="..\..\include\gtl\string\convert_utf.h">
      <Filter>gtl\string</Filter>
    </ClInclude>
    <ClInclude Include="..\..\include\gtl\string\utf_char_view.h">
      <Filter>gtl\string</Filter>
    </ClInclude>
    <ClInclude Include="..\..\include\gtl\reflection.h">
      <Filter>gtl</Filter>
    </ClInclude>
    <ClInclude Include="..\..\include\gtl\misc.h">
      <Filter>gtl</Filter>
    </ClInclude>
    <ClInclude Include="..\..\include\gtl\dynamic.h">
      <Filter>gtl</Filter>
    </ClInclude>
    <ClInclude Include="..\..\include\gtl\json_proxy.h">
      <Filter>gtl</Filter>
    </ClInclude>
    <ClInclude Include="pch.h">
      <Filter>[ framework ]</Filter>
    </ClInclude>
    <ClInclude Include="framework.h">
      <Filter>[ framework ]</Filter>
    </ClInclude>
    <ClInclude Include="..\..\include\gtl\time.h">
      <Filter>gtl</Filter>
    </ClInclude>
    <ClInclude Include="..\..\include\gtl\mutex.h">
      <Filter>gtl</Filter>
    </ClInclude>
    <ClInclude Include="..\..\include\gtl\iconv_wrapper.h">
      <Filter>gtl</Filter>
    </ClInclude>
    <ClInclude Include="..\..\include\gtl\unit.h">
      <Filter>gtl</Filter>
    </ClInclude>
    <ClInclude Include="..\..\include\gtl\coord.h">
      <Filter>gtl</Filter>
    </ClInclude>
    <ClInclude Include="..\..\include\gtl\coord\coord_rect.h">
      <Filter>gtl\coord</Filter>
    </ClInclude>
    <ClInclude Include="..\..\include\gtl\coord\coord_size.h">
      <Filter>gtl\coord</Filter>
    </ClInclude>
    <ClInclude Include="..\..\include\gtl\coord\coord_point.h">
      <Filter>gtl\coord</Filter>
    </ClInclude>
    <ClInclude Include="..\..\include\gtl\log.h">
      <Filter>gtl</Filter>
    </ClInclude>
    <ClInclude Include="..\..\include\gtl\rand.h">
      <Filter>gtl</Filter>
    </ClInclude>
    <ClInclude Include="..\..\include\gtl\_config.h">
      <Filter>gtl</Filter>
    </ClInclude>
    <ClInclude Include="..\..\include\gtl\coord\coord_trans.h">
      <Filter>gtl\coord</Filter>
    </ClInclude>
    <ClInclude Include="..\..\include\gtl\mat_helper.h">
      <Filter>gtl</Filter>
    </ClInclude>
    <ClInclude Include="..\..\include\gtl\string\string_to_arithmetic.h">
      <Filter>gtl\string</Filter>
    </ClInclude>
    <ClInclude Include="..\..\include\gtl\coord\coord_srect.h">
      <Filter>gtl\coord</Filter>
    </ClInclude>
    <ClInclude Include="..\..\include\gtl\2dMatArray.h">
      <Filter>gtl</Filter>
    </ClInclude>
    <ClInclude Include="..\..\include\gtl\matrix.h">
      <Filter>gtl</Filter>
    </ClInclude>
    <ClInclude Include="..\..\include\gtl\ui\ui_predefine.h">
      <Filter>gtl\ui</Filter>
    </ClInclude>
    <ClInclude Include="..\..\include\gtl\ui\ui_prop.h">
      <Filter>gtl\ui</Filter>
    </ClInclude>
    <ClInclude Include="..\..\include\gtl\ui\ui_prop_value_color.h">
      <Filter>gtl\ui</Filter>
    </ClInclude>
    <ClInclude Include="..\..\include\gtl\ui\ui_prop_value_etc.h">
      <Filter>gtl\ui</Filter>
    </ClInclude>
    <ClInclude Include="..\..\include\gtl\ui\ui_unit.h">
      <Filter>gtl\ui</Filter>
    </ClInclude>
    <ClInclude Include="..\..\include\gtl\ui\ui_widget.h">
      <Filter>gtl\ui</Filter>
    </ClInclude>
    <ClInclude Include="..\..\include\gtl\smart_ptr_container.h">
      <Filter>gtl</Filter>
    </ClInclude>
    <ClInclude Include="..\..\include\gtl\ui.h">
      <Filter>gtl</Filter>
    </ClInclude>
    <ClInclude Include="..\..\include\gtl\stop_watch.h">
      <Filter>gtl</Filter>
    </ClInclude>
    <ClInclude Include="..\..\include\gtl\reflection_glaze.h">
      <Filter>gtl</Filter>
    </ClInclude>
    <ClInclude Include="..\..\include\gtl\base64.h">
      <Filter>gtl</Filter>
    </ClInclude>
    <ClInclude Include="..\..\include\gtl\mat_gl.h">
      <Filter>gtl</Filter>
    </ClInclude>
    <ClInclude Include="..\..\include\gtl\coord\coord_trans_perspective.h">
      <Filter>gtl\coord</Filter>
    </ClInclude>
    <ClInclude Include="..\..\include\gtl\cv_floodfill.h">
      <Filter>gtl</Filter>
    </ClInclude>
    <ClInclude Include="..\..\include\gtl\lazy_profile.h">
      <Filter>gtl</Filter>
    </ClInclude>
    <ClInclude Include="..\..\include\gtl\container_map.h">
      <Filter>gtl</Filter>
    </ClInclude>
    <ClInclude Include="..\..\include\gtl\sequence.h">
      <Filter>gtl</Filter>
    </ClInclude>
  </ItemGroup>
  <ItemGroup>
    <ClCompile Include="HangeulCodeMapUTF16_KSSM.cpp">
      <Filter>gtl.impl</Filter>
    </ClCompile>
    <ClCompile Include="HangeulCodeMapKSSM_UTF16.cpp">
      <Filter>gtl.impl</Filter>
    </ClCompile>
    <ClCompile Include="dllmain.cpp">
      <Filter>[ framework ]</Filter>
    </ClCompile>
    <ClCompile Include="pch.cpp">
      <Filter>[ framework ]</Filter>
    </ClCompile>
    <ClCompile Include="json_proxy.cpp">
      <Filter>gtl.impl</Filter>
    </ClCompile>
    <ClCompile Include="string.cpp">
      <Filter>gtl.impl</Filter>
    </ClCompile>
    <ClCompile Include="log.cpp">
      <Filter>gtl.impl</Filter>
    </ClCompile>
    <ClCompile Include="mat_helper.cpp">
      <Filter>gtl.impl</Filter>
    </ClCompile>
    <ClCompile Include="2dMatArray.cpp">
      <Filter>gtl.impl</Filter>
    </ClCompile>
    <ClCompile Include="mat_gl.cpp">
      <Filter>gtl.impl</Filter>
    </ClCompile>
    <ClCompile Include="cv_floodfill.cpp">
      <Filter>gtl.impl</Filter>
    </ClCompile>
  </ItemGroup>
  <ItemGroup>
    <Text Include="..\..\dependency.txt" />
  </ItemGroup>
  <ItemGroup>
    <None Include="..\..\etc\vcpkg\install-vcpkg.bat">
      <Filter>etc\vcpkg</Filter>
    </None>
  </ItemGroup>
</Project>