<?xml version="1.0" encoding="utf-8"?>
<Project ToolsVersion="4.0" xmlns="http://schemas.microsoft.com/developer/msbuild/2003">
  <ItemGroup>
    <Filter Include="Resource Files">
      <UniqueIdentifier>{67DA6AB6-F800-4c08-8B7A-83BB121AAD01}</UniqueIdentifier>
      <Extensions>rc;ico;cur;bmp;dlg;rc2;rct;bin;rgs;gif;jpg;jpeg;jpe;resx;tiff;tif;png;wav;mfcribbon-ms</Extensions>
    </Filter>
    <Filter Include="framework">
      <UniqueIdentifier>{775ca48d-92e4-4396-b675-414c606ab5ec}</UniqueIdentifier>
    </Filter>
    <Filter Include="shape">
      <UniqueIdentifier>{c878a5b0-8cbf-4d50-bb72-c9ae65485173}</UniqueIdentifier>
      <Extensions>h;hh;hpp;hxx;h++;hm;inl;inc;ipp;xsd;cpp;c;cc;cxx;c++;cppm;ixx;def;odl;idl;hpj;bat;asm;asmx</Extensions>
    </Filter>
    <Filter Include="shape\shapes">
      <UniqueIdentifier>{6e6f11ea-9266-48bb-a460-1ac1ab53ef93}</UniqueIdentifier>
    </Filter>
  </ItemGroup>
  <ItemGroup>
    <ClInclude Include="framework.h">
      <Filter>framework</Filter>
    </ClInclude>
    <ClInclude Include="pch.h">
      <Filter>framework</Filter>
    </ClInclude>
    <ClInclude Include="..\..\include\gtl\shape\shape.h">
      <Filter>shape</Filter>
    </ClInclude>
    <ClInclude Include="..\..\include\gtl\shape\canvas.h">
      <Filter>shape</Filter>
    </ClInclude>
    <ClInclude Include="..\..\include\gtl\shape\shape_others.h">
      <Filter>shape</Filter>
    </ClInclude>
    <ClInclude Include="..\..\include\gtl\shape\color_table.h">
      <Filter>shape</Filter>
    </ClInclude>
    <ClInclude Include="..\..\include\gtl\shape\shape_primitives.h">
      <Filter>shape</Filter>
    </ClInclude>
    <ClInclude Include="..\..\include\gtl\shape\shapes\arc.h">
      <Filter>shape\shapes</Filter>
    </ClInclude>
    <ClInclude Include="..\..\include\gtl\shape\shapes\circle.h">
      <Filter>shape\shapes</Filter>
    </ClInclude>
    <ClInclude Include="..\..\include\gtl\shape\shapes\dot.h">
      <Filter>shape\shapes</Filter>
    </ClInclude>
    <ClInclude Include="..\..\include\gtl\shape\shapes\drawing.h">
      <Filter>shape\shapes</Filter>
    </ClInclude>
    <ClInclude Include="..\..\include\gtl\shape\shapes\ellipse.h">
      <Filter>shape\shapes</Filter>
    </ClInclude>
    <ClInclude Include="..\..\include\gtl\shape\shapes\layer.h">
      <Filter>shape\shapes</Filter>
    </ClInclude>
    <ClInclude Include="..\..\include\gtl\shape\shapes\line.h">
      <Filter>shape\shapes</Filter>
    </ClInclude>
    <ClInclude Include="..\..\include\gtl\shape\shapes\polyline.h">
      <Filter>shape\shapes</Filter>
    </ClInclude>
    <ClInclude Include="..\..\include\gtl\shape\shapes\spline.h">
      <Filter>shape\shapes</Filter>
    </ClInclude>
    <ClInclude Include="..\..\include\gtl\shape\shapes\text.h">
      <Filter>shape\shapes</Filter>
    </ClInclude>
    <ClInclude Include="..\..\include\gtl\shape\shapes\block.h">
      <Filter>shape\shapes</Filter>
    </ClInclude>
    <ClInclude Include="..\..\include\gtl\shape\_lib_gtl_shape.h">
      <Filter>framework</Filter>
    </ClInclude>
    <ClInclude Include="resource.h">
      <Filter>shape</Filter>
    </ClInclude>
  </ItemGroup>
  <ItemGroup>
    <ClCompile Include="dllmain.cpp">
      <Filter>framework</Filter>
    </ClCompile>
    <ClCompile Include="pch.cpp">
      <Filter>framework</Filter>
    </ClCompile>
    <ClCompile Include="shape.cpp">
      <Filter>shape</Filter>
    </ClCompile>
    <ClCompile Include="canvas.cpp">
      <Filter>shape</Filter>
    </ClCompile>
  </ItemGroup>
  <ItemGroup>
    <ResourceCompile Include="gtl.shape.rc">
      <Filter>Resource Files</Filter>
    </ResourceCompile>
  </ItemGroup>
</Project>